
Microsoft Visual Studio Solution File, Format Version 12.00
# Visual Studio Version 17
VisualStudioVersion = 17.7.34024.191
MinimumVisualStudioVersion = 10.0.40219.1
Project("{FAE04EC0-301F-11D3-BF4B-00C04F79EFBC}") = "ML", "ML\ML.csproj", "{CBF25FF8-4B6A-4B76-9572-D37292D701F9}"
EndProject
Project("{FAE04EC0-301F-11D3-BF4B-00C04F79EFBC}") = "PL", "PL\PL.csproj", "{17861639-D80D-4BCF-9795-543CE636B000}"
EndProject
Project("{FAE04EC0-301F-11D3-BF4B-00C04F79EFBC}") = "DL", "DL\DL.csproj", "{6BDA41FB-2154-4DE2-8913-FDA2722F1F5D}"
EndProject
Project("{FAE04EC0-301F-11D3-BF4B-00C04F79EFBC}") = "BL", "BL\BL.csproj", "{84DA089C-5B2F-424B-A628-268C726146A8}"
EndProject
Global
	GlobalSection(SolutionConfigurationPlatforms) = preSolution
		Debug|Any CPU = Debug|Any CPU
		Release|Any CPU = Release|Any CPU
	EndGlobalSection
	GlobalSection(ProjectConfigurationPlatforms) = postSolution
		{CBF25FF8-4B6A-4B76-9572-D37292D701F9}.Debug|Any CPU.ActiveCfg = Debug|Any CPU
		{CBF25FF8-4B6A-4B76-9572-D37292D701F9}.Debug|Any CPU.Build.0 = Debug|Any CPU
		{CBF25FF8-4B6A-4B76-9572-D37292D701F9}.Release|Any CPU.ActiveCfg = Release|Any CPU
		{CBF25FF8-4B6A-4B76-9572-D37292D701F9}.Release|Any CPU.Build.0 = Release|Any CPU
		{17861639-D80D-4BCF-9795-543CE636B000}.Debug|Any CPU.ActiveCfg = Debug|Any CPU
		{17861639-D80D-4BCF-9795-543CE636B000}.Debug|Any CPU.Build.0 = Debug|Any CPU
		{17861639-D80D-4BCF-9795-543CE636B000}.Release|Any CPU.ActiveCfg = Release|Any CPU
		{17861639-D80D-4BCF-9795-543CE636B000}.Release|Any CPU.Build.0 = Release|Any CPU
		{6BDA41FB-2154-4DE2-8913-FDA2722F1F5D}.Debug|Any CPU.ActiveCfg = Debug|Any CPU
		{6BDA41FB-2154-4DE2-8913-FDA2722F1F5D}.Debug|Any CPU.Build.0 = Debug|Any CPU
		{6BDA41FB-2154-4DE2-8913-FDA2722F1F5D}.Release|Any CPU.ActiveCfg = Release|Any CPU
		{6BDA41FB-2154-4DE2-8913-FDA2722F1F5D}.Release|Any CPU.Build.0 = Release|Any CPU
		{84DA089C-5B2F-424B-A628-268C726146A8}.Debug|Any CPU.ActiveCfg = Debug|Any CPU
		{84DA089C-5B2F-424B-A628-268C726146A8}.Debug|Any CPU.Build.0 = Debug|Any CPU
		{84DA089C-5B2F-424B-A628-268C726146A8}.Release|Any CPU.ActiveCfg = Release|Any CPU
		{84DA089C-5B2F-424B-A628-268C726146A8}.Release|Any CPU.Build.0 = Release|Any CPU
	EndGlobalSection
	GlobalSection(SolutionProperties) = preSolution
		HideSolutionNode = FALSE
	EndGlobalSection
	GlobalSection(ExtensibilityGlobals) = postSolution
		SolutionGuid = {048CCA07-7A44-45CC-9A6C-F335480CF3E2}
	EndGlobalSection
EndGlobal
